
Microsoft Visual Studio Solution File, Format Version 12.00
# Visual Studio Version 17
VisualStudioVersion = 17.13.35828.75
MinimumVisualStudioVersion = 10.0.40219.1
Project("{2150E333-8FDC-42A3-9474-1A3956D46DE8}") = "src", "src", "{36D591C7-65C7-A0D1-1CBC-10CDE441BDC8}"
EndProject
Project("{FAE04EC0-301F-11D3-BF4B-00C04F79EFBC}") = "BlogApi.Application", "BlogApi.Application\BlogApi.Application.csproj", "{2AA690F8-2B0C-B7CA-2D5E-36DB01DB247C}"
EndProject
Project("{FAE04EC0-301F-11D3-BF4B-00C04F79EFBC}") = "BlogApi.Domain", "BlogApi.Domain\BlogApi.Domain.csproj", "{B7261C16-68F2-745B-E9B1-E8C284D1D857}"
EndProject
Project("{FAE04EC0-301F-11D3-BF4B-00C04F79EFBC}") = "BlogApi.Infrastructure", "BlogApi.Infrastructure\BlogApi.Infrastructure.csproj", "{67B5D8FA-6873-88A2-BD05-46DB7BD274BF}"
EndProject
Project("{FAE04EC0-301F-11D3-BF4B-00C04F79EFBC}") = "BlogApi.Presentation", "BlogApi.Presentation\BlogApi.Presentation.csproj", "{EBEAF41F-7B6F-10E0-38D2-64A24C574381}"
EndProject
Project("{2150E333-8FDC-42A3-9474-1A3956D46DE8}") = "test", "test", "{8804F6BA-EB53-4358-B44D-473614003812}"
EndProject
Project("{FAE04EC0-301F-11D3-BF4B-00C04F79EFBC}") = "BlogApi.Tests", "BlogApi.Tests\BlogApi.Tests.csproj", "{E65A0EDB-C436-46D9-BF72-D102BF0A71F0}"
EndProject
Global
	GlobalSection(SolutionConfigurationPlatforms) = preSolution
		Debug|Any CPU = Debug|Any CPU
		Release|Any CPU = Release|Any CPU
	EndGlobalSection
	GlobalSection(ProjectConfigurationPlatforms) = postSolution
		{2AA690F8-2B0C-B7CA-2D5E-36DB01DB247C}.Debug|Any CPU.ActiveCfg = Debug|Any CPU
		{2AA690F8-2B0C-B7CA-2D5E-36DB01DB247C}.Debug|Any CPU.Build.0 = Debug|Any CPU
		{2AA690F8-2B0C-B7CA-2D5E-36DB01DB247C}.Release|Any CPU.ActiveCfg = Release|Any CPU
		{2AA690F8-2B0C-B7CA-2D5E-36DB01DB247C}.Release|Any CPU.Build.0 = Release|Any CPU
		{B7261C16-68F2-745B-E9B1-E8C284D1D857}.Debug|Any CPU.ActiveCfg = Debug|Any CPU
		{B7261C16-68F2-745B-E9B1-E8C284D1D857}.Debug|Any CPU.Build.0 = Debug|Any CPU
		{B7261C16-68F2-745B-E9B1-E8C284D1D857}.Release|Any CPU.ActiveCfg = Release|Any CPU
		{B7261C16-68F2-745B-E9B1-E8C284D1D857}.Release|Any CPU.Build.0 = Release|Any CPU
		{67B5D8FA-6873-88A2-BD05-46DB7BD274BF}.Debug|Any CPU.ActiveCfg = Debug|Any CPU
		{67B5D8FA-6873-88A2-BD05-46DB7BD274BF}.Debug|Any CPU.Build.0 = Debug|Any CPU
		{67B5D8FA-6873-88A2-BD05-46DB7BD274BF}.Release|Any CPU.ActiveCfg = Release|Any CPU
		{67B5D8FA-6873-88A2-BD05-46DB7BD274BF}.Release|Any CPU.Build.0 = Release|Any CPU
		{EBEAF41F-7B6F-10E0-38D2-64A24C574381}.Debug|Any CPU.ActiveCfg = Debug|Any CPU
		{EBEAF41F-7B6F-10E0-38D2-64A24C574381}.Debug|Any CPU.Build.0 = Debug|Any CPU
		{EBEAF41F-7B6F-10E0-38D2-64A24C574381}.Release|Any CPU.ActiveCfg = Release|Any CPU
		{EBEAF41F-7B6F-10E0-38D2-64A24C574381}.Release|Any CPU.Build.0 = Release|Any CPU
		{E65A0EDB-C436-46D9-BF72-D102BF0A71F0}.Debug|Any CPU.ActiveCfg = Debug|Any CPU
		{E65A0EDB-C436-46D9-BF72-D102BF0A71F0}.Debug|Any CPU.Build.0 = Debug|Any CPU
		{E65A0EDB-C436-46D9-BF72-D102BF0A71F0}.Release|Any CPU.ActiveCfg = Release|Any CPU
		{E65A0EDB-C436-46D9-BF72-D102BF0A71F0}.Release|Any CPU.Build.0 = Release|Any CPU
	EndGlobalSection
	GlobalSection(SolutionProperties) = preSolution
		HideSolutionNode = FALSE
	EndGlobalSection
	GlobalSection(NestedProjects) = preSolution
		{2AA690F8-2B0C-B7CA-2D5E-36DB01DB247C} = {36D591C7-65C7-A0D1-1CBC-10CDE441BDC8}
		{B7261C16-68F2-745B-E9B1-E8C284D1D857} = {36D591C7-65C7-A0D1-1CBC-10CDE441BDC8}
		{67B5D8FA-6873-88A2-BD05-46DB7BD274BF} = {36D591C7-65C7-A0D1-1CBC-10CDE441BDC8}
		{EBEAF41F-7B6F-10E0-38D2-64A24C574381} = {36D591C7-65C7-A0D1-1CBC-10CDE441BDC8}
		{E65A0EDB-C436-46D9-BF72-D102BF0A71F0} = {8804F6BA-EB53-4358-B44D-473614003812}
	EndGlobalSection
	GlobalSection(ExtensibilityGlobals) = postSolution
		SolutionGuid = {5BA08C3A-748D-46E5-8455-45BCEC5B15E8}
	EndGlobalSection
EndGlobal
